
Microsoft Visual Studio Solution File, Format Version 12.00
# Visual Studio 15
VisualStudioVersion = 15.0.27130.2020
MinimumVisualStudioVersion = 10.0.40219.1
Project("{FAE04EC0-301F-11D3-BF4B-00C04F79EFBC}") = "DesktopApi", "DesktopApi\DesktopApi.csproj", "{67410392-012C-476A-A63D-BBC7E49A1FDD}"
EndProject
Project("{FAE04EC0-301F-11D3-BF4B-00C04F79EFBC}") = "DesktopApi.Server", "DesktopApi.Server\DesktopApi.Server.csproj", "{3D9F5F42-4FC1-4E92-BED8-7D8B47DABE04}"
EndProject
Project("{FAE04EC0-301F-11D3-BF4B-00C04F79EFBC}") = "DesktopApi.HtmlPage", "DesktopApi.HtmlPage\DesktopApi.HtmlPage.csproj", "{E0813652-4A08-495F-AEC1-27E76E03FE1C}"
EndProject
Global
	GlobalSection(SolutionConfigurationPlatforms) = preSolution
		Debug|Any CPU = Debug|Any CPU
		Release|Any CPU = Release|Any CPU
	EndGlobalSection
	GlobalSection(ProjectConfigurationPlatforms) = postSolution
		{67410392-012C-476A-A63D-BBC7E49A1FDD}.Debug|Any CPU.ActiveCfg = Debug|Any CPU
		{67410392-012C-476A-A63D-BBC7E49A1FDD}.Debug|Any CPU.Build.0 = Debug|Any CPU
		{67410392-012C-476A-A63D-BBC7E49A1FDD}.Release|Any CPU.ActiveCfg = Release|Any CPU
		{67410392-012C-476A-A63D-BBC7E49A1FDD}.Release|Any CPU.Build.0 = Release|Any CPU
		{3D9F5F42-4FC1-4E92-BED8-7D8B47DABE04}.Debug|Any CPU.ActiveCfg = Debug|Any CPU
		{3D9F5F42-4FC1-4E92-BED8-7D8B47DABE04}.Debug|Any CPU.Build.0 = Debug|Any CPU
		{3D9F5F42-4FC1-4E92-BED8-7D8B47DABE04}.Release|Any CPU.ActiveCfg = Release|Any CPU
		{3D9F5F42-4FC1-4E92-BED8-7D8B47DABE04}.Release|Any CPU.Build.0 = Release|Any CPU
		{E0813652-4A08-495F-AEC1-27E76E03FE1C}.Debug|Any CPU.ActiveCfg = Debug|x86
		{E0813652-4A08-495F-AEC1-27E76E03FE1C}.Release|Any CPU.ActiveCfg = Debug|x86
	EndGlobalSection
	GlobalSection(SolutionProperties) = preSolution
		HideSolutionNode = FALSE
	EndGlobalSection
	GlobalSection(ExtensibilityGlobals) = postSolution
		SolutionGuid = {94011777-2EA0-45EC-A5F7-77C24074F0A7}
	EndGlobalSection
EndGlobal
